github.com/gozelle/atomic v1.10.10 h1:mUc+GODLuon/L2lR/Ckzta1AK1ugq/AK3UIZFusKGb0=
github.com/gozelle/atomic v1.10.10/go.mod h1:5rsc4dEjAakvLB68tnEc3pgV6C9RbC4pfUpv035T/t0=
github.com/gozelle/check v1.0.0 h1:GW6PJDe1lCHwl1YkidY+bVpVVuM7IA/0gzzPfYQdcUE=
github.com/gozelle/go-difflib v1.0.0 h1:BIQXTH387TRKUtDGMTaPmoFKKWZQMRR4mSxxcPLOjXQ=
github.com/gozelle/go-difflib v1.0.0/go.mod h1:PcDy306aUy3I8kB5ohutXpbhkgQlygtcBjf+pENv2gY=
github.com/gozelle/go-internal v1.9.0 h1:VVobf+WAesfyYtHklxbmzo+2IXdTw3PxiwkmwC6QTTA=
github.com/gozelle/go-spew v1.1.10 h1:kFDq5IDd/Wk3l7UutORhveCt5fUdW8b9afnDYtuHmEc=
github.com/gozelle/go-spew v1.1.10/go.mod h1:qwUFQBhiE5zwtTAfe/m87+73t2jRbNHwGOvs+FgYx+8=
github.com/gozelle/multierr v0.0.1 h1:JvYYvGTGusBS6IEOTOmoroY4SqW5PU2S29Yi8T4UvnE=
github.com/gozelle/multierr v0.0.1/go.mod h1:Kd/mRKyMcPywI5eYDaMeiecSeRhgAsu8nIx35ic5NvE=
github.com/gozelle/multierr v1.9.10 h1:EUU22u5Yx82/mQm55fH1WF6ztp0w4U+cZl9lCzuyUvE=
github.com/gozelle/multierr v1.9.10/go.mod h1:4tC7qdet8CoxU9Q/Ha2bn5obpheqU7bTB9AENXwWzaI=
github.com/gozelle/multierror v1.1.1 h1:melqp8EeukL6chaEBbxu9EOiMRQIjqETkNx0fDSgDqQ=
github.com/gozelle/multierror v1.1.1/go.mod h1:mtEfirV1E5kamBQeek5fNIAjJVHyMhWyNvdZSieeUSY=
github.com/gozelle/multierror v1.2.0 h1:TlPzApJWq2J9gLHqqZ4x+4dcMoxe/qhvls1mclVD+5s=
github.com/gozelle/multierror v1.2.0/go.mod h1:9fIiDnhubQwoHOTroFTeFP/lBTEkq3PyxPpW/GLmtyM=
github.com/gozelle/multierror v1.2.1 h1:5RdVtSqmqNMF0FFXZ2C6z+0au4oOKbZy70LfI+etn+c=
github.com/gozelle/multierror v1.2.1/go.mod h1:9fIiDnhubQwoHOTroFTeFP/lBTEkq3PyxPpW/GLmtyM=
github.com/gozelle/pretty v0.3.1 h1:dtU7yIlzRqiMmB9TcunypDfvAC/QOP0K8y/BKKOrgRg=
github.com/gozelle/testify v1.8.11 h1:HDi4d07tDlTLfAc1ie9yR/ZBr3r4HR9866GA5uHSwdA=
github.com/gozelle/testify v1.8.11/go.mod h1:vYSBvyNev2JwOWCafPzpqdL3xuxy79bECwKkP5a7Y1c=
github.com/gozelle/text v0.2.0 h1:p0p6mIm1aD0lDN798Pfx9T0itU8O/iUoauFvPUtV6Gw=
github.com/gozelle/yaml v0.0.0-20221214152138-81b78a92d903 h1:Z5bL8fjqThaLRa3MdQoESurwiUh8KZksKRQvLWY+h/c=
github.com/gozelle/yaml v0.0.0-20221214152138-81b78a92d903/go.mod h1:0Pp3KXweJJtxd5jzd6y3qW2DpjEFAlYc7oRDtuhMFjg=
github.com/hashicorp/errwrap v1.0.0 h1:hLrqtEDnRye3+sgx6z4qVLNuviH3MR5aQ0ykNJa/UYA=
github.com/hashicorp/errwrap v1.0.0/go.mod h1:YH+1FKiLXxHSkmPseP+kNlulaMuP3n2brvKWEqk/Jc4=
golang.org/x/sync v0.3.0 h1:ftCYgMx6zT/asHUrPw8BLLscYtGznsLAnjq5RH9P66E=
golang.org/x/sync v0.3.0/go.mod h1:FU7BRWz2tNW+3quACPkgCx/L+uEAv1htQ0V83Z9Rj+Y=
